
Microsoft Visual Studio Solution File, Format Version 12.00
# Visual Studio Version 17
VisualStudioVersion = 17.8.34511.84
MinimumVisualStudioVersion = 10.0.40219.1
Project("{FAE04EC0-301F-11D3-BF4B-00C04F79EFBC}") = "CrudOperationNetCore", "CrudOperationNetCore\CrudOperationNetCore.csproj", "{95718B40-6024-44C3-B78B-20849DDCF644}"
EndProject
Global
	GlobalSection(SolutionConfigurationPlatforms) = preSolution
		Debug|Any CPU = Debug|Any CPU
		Release|Any CPU = Release|Any CPU
	EndGlobalSection
	GlobalSection(ProjectConfigurationPlatforms) = postSolution
		{95718B40-6024-44C3-B78B-20849DDCF644}.Debug|Any CPU.ActiveCfg = Debug|Any CPU
		{95718B40-6024-44C3-B78B-20849DDCF644}.Debug|Any CPU.Build.0 = Debug|Any CPU
		{95718B40-6024-44C3-B78B-20849DDCF644}.Release|Any CPU.ActiveCfg = Release|Any CPU
		{95718B40-6024-44C3-B78B-20849DDCF644}.Release|Any CPU.Build.0 = Release|Any CPU
	EndGlobalSection
	GlobalSection(SolutionProperties) = preSolution
		HideSolutionNode = FALSE
	EndGlobalSection
	GlobalSection(ExtensibilityGlobals) = postSolution
		SolutionGuid = {46829E82-4709-459A-9B6E-3593E6D81E84}
	EndGlobalSection
EndGlobal
